
Microsoft Visual Studio Solution File, Format Version 12.00
# Visual Studio Version 17
VisualStudioVersion = 17.4.33110.190
MinimumVisualStudioVersion = 10.0.40219.1
Project("{FAE04EC0-301F-11D3-BF4B-00C04F79EFBC}") = "Odd Even Linked List", "Odd Even Linked List\Odd Even Linked List.csproj", "{BD0612BB-D532-43BD-89EE-1BD36C298688}"
EndProject
Global
	GlobalSection(SolutionConfigurationPlatforms) = preSolution
		Debug|Any CPU = Debug|Any CPU
		Release|Any CPU = Release|Any CPU
	EndGlobalSection
	GlobalSection(ProjectConfigurationPlatforms) = postSolution
		{BD0612BB-D532-43BD-89EE-1BD36C298688}.Debug|Any CPU.ActiveCfg = Debug|Any CPU
		{BD0612BB-D532-43BD-89EE-1BD36C298688}.Debug|Any CPU.Build.0 = Debug|Any CPU
		{BD0612BB-D532-43BD-89EE-1BD36C298688}.Release|Any CPU.ActiveCfg = Release|Any CPU
		{BD0612BB-D532-43BD-89EE-1BD36C298688}.Release|Any CPU.Build.0 = Release|Any CPU
	EndGlobalSection
	GlobalSection(SolutionProperties) = preSolution
		HideSolutionNode = FALSE
	EndGlobalSection
	GlobalSection(ExtensibilityGlobals) = postSolution
		SolutionGuid = {56EB0C18-1848-4E97-8754-16A874815830}
	EndGlobalSection
EndGlobal
